
Microsoft Visual Studio Solution File, Format Version 12.00
# Visual Studio 15
VisualStudioVersion = 15.0.28307.106
MinimumVisualStudioVersion = 10.0.40219.1
Project("{FAE04EC0-301F-11D3-BF4B-00C04F79EFBC}") = "ProductGrouping", "ProductGrouping\ProductGrouping.csproj", "{CA393504-9DB2-4748-BC24-CBA6E43868F2}"
EndProject
Global
	GlobalSection(SolutionConfigurationPlatforms) = preSolution
		Debug|Any CPU = Debug|Any CPU
		Release|Any CPU = Release|Any CPU
	EndGlobalSection
	GlobalSection(ProjectConfigurationPlatforms) = postSolution
		{CA393504-9DB2-4748-BC24-CBA6E43868F2}.Debug|Any CPU.ActiveCfg = Debug|Any CPU
		{CA393504-9DB2-4748-BC24-CBA6E43868F2}.Debug|Any CPU.Build.0 = Debug|Any CPU
		{CA393504-9DB2-4748-BC24-CBA6E43868F2}.Release|Any CPU.ActiveCfg = Release|Any CPU
		{CA393504-9DB2-4748-BC24-CBA6E43868F2}.Release|Any CPU.Build.0 = Release|Any CPU
	EndGlobalSection
	GlobalSection(SolutionProperties) = preSolution
		HideSolutionNode = FALSE
	EndGlobalSection
	GlobalSection(ExtensibilityGlobals) = postSolution
		SolutionGuid = {FD1C5EBA-7718-4685-B688-ED32D68444F4}
	EndGlobalSection
EndGlobal
